
Microsoft Visual Studio Solution File, Format Version 12.00
# Visual Studio Version 16
VisualStudioVersion = 16.0.32901.82
MinimumVisualStudioVersion = 10.0.40219.1
Project("{FAE04EC0-301F-11D3-BF4B-00C04F79EFBC}") = "Car Part Website", "Car Part Website.csproj", "{5FB5AF65-6040-47CC-AADA-59E07F8AC750}"
EndProject
Global
	GlobalSection(SolutionConfigurationPlatforms) = preSolution
		Debug|Any CPU = Debug|Any CPU
		Release|Any CPU = Release|Any CPU
	EndGlobalSection
	GlobalSection(ProjectConfigurationPlatforms) = postSolution
		{5FB5AF65-6040-47CC-AADA-59E07F8AC750}.Debug|Any CPU.ActiveCfg = Debug|Any CPU
		{5FB5AF65-6040-47CC-AADA-59E07F8AC750}.Debug|Any CPU.Build.0 = Debug|Any CPU
		{5FB5AF65-6040-47CC-AADA-59E07F8AC750}.Release|Any CPU.ActiveCfg = Release|Any CPU
		{5FB5AF65-6040-47CC-AADA-59E07F8AC750}.Release|Any CPU.Build.0 = Release|Any CPU
	EndGlobalSection
	GlobalSection(SolutionProperties) = preSolution
		HideSolutionNode = FALSE
	EndGlobalSection
	GlobalSection(ExtensibilityGlobals) = postSolution
		SolutionGuid = {8A5589EE-8D0E-4CCB-B6FF-3B4E773B56EB}
	EndGlobalSection
EndGlobal
